// !$*UTF8*$!
{
	archiveVersion = 1;
	classes = {
	};
	objectVersion = 56;
	objects = {

/* Begin PBXBuildFile section */
		7A20B0DB29E428510078D6EE /* AppDelegate.swift in Sources */ = {isa = PBXBuildFile; fileRef = 7A20B0DA29E428510078D6EE /* AppDelegate.swift */; };
		7A20B0DD29E428510078D6EE /* SceneDelegate.swift in Sources */ = {isa = PBXBuildFile; fileRef = 7A20B0DC29E428510078D6EE /* SceneDelegate.swift */; };
		7A20B0DF29E428510078D6EE /* RMTabBarController.swift in Sources */ = {isa = PBXBuildFile; fileRef = 7A20B0DE29E428510078D6EE /* RMTabBarController.swift */; };
		7A20B0E429E428520078D6EE /* Assets.xcassets in Resources */ = {isa = PBXBuildFile; fileRef = 7A20B0E329E428520078D6EE /* Assets.xcassets */; };
		7A20B0E729E428520078D6EE /* LaunchScreen.storyboard in Resources */ = {isa = PBXBuildFile; fileRef = 7A20B0E529E428520078D6EE /* LaunchScreen.storyboard */; };
		7A20B0F629E42BF70078D6EE /* RMLocation.swift in Sources */ = {isa = PBXBuildFile; fileRef = 7A20B0F529E42BF70078D6EE /* RMLocation.swift */; };
		7A20B0F829E42C050078D6EE /* RMCharacter.swift in Sources */ = {isa = PBXBuildFile; fileRef = 7A20B0F729E42C050078D6EE /* RMCharacter.swift */; };
		7A20B0FA29E42C120078D6EE /* RMEpisode.swift in Sources */ = {isa = PBXBuildFile; fileRef = 7A20B0F929E42C120078D6EE /* RMEpisode.swift */; };
		7A20B0FD29E42C9B0078D6EE /* RMLocationViewController.swift in Sources */ = {isa = PBXBuildFile; fileRef = 7A20B0FC29E42C9B0078D6EE /* RMLocationViewController.swift */; };
		7A20B0FF29E42CA80078D6EE /* RMCharacterViewController.swift in Sources */ = {isa = PBXBuildFile; fileRef = 7A20B0FE29E42CA80078D6EE /* RMCharacterViewController.swift */; };
		7A20B10129E42CBD0078D6EE /* RMEpisodeViewController.swift in Sources */ = {isa = PBXBuildFile; fileRef = 7A20B10029E42CBD0078D6EE /* RMEpisodeViewController.swift */; };
		7A20B10329E42CD20078D6EE /* RMSettingsViewController.swift in Sources */ = {isa = PBXBuildFile; fileRef = 7A20B10229E42CD20078D6EE /* RMSettingsViewController.swift */; };
/* End PBXBuildFile section */

/* Begin PBXFileReference section */
		7A20B0D729E428510078D6EE /* RickAndMorty.app */ = {isa = PBXFileReference; explicitFileType = wrapper.application; includeInIndex = 0; path = RickAndMorty.app; sourceTree = BUILT_PRODUCTS_DIR; };
		7A20B0DA29E428510078D6EE /* AppDelegate.swift */ = {isa = PBXFileReference; lastKnownFileType = sourcecode.swift; path = AppDelegate.swift; sourceTree = "<group>"; };
		7A20B0DC29E428510078D6EE /* SceneDelegate.swift */ = {isa = PBXFileReference; lastKnownFileType = sourcecode.swift; path = SceneDelegate.swift; sourceTree = "<group>"; };
		7A20B0DE29E428510078D6EE /* RMTabBarController.swift */ = {isa = PBXFileReference; lastKnownFileType = sourcecode.swift; path = RMTabBarController.swift; sourceTree = "<group>"; };
		7A20B0E329E428520078D6EE /* Assets.xcassets */ = {isa = PBXFileReference; lastKnownFileType = folder.assetcatalog; path = Assets.xcassets; sourceTree = "<group>"; };
		7A20B0E629E428520078D6EE /* Base */ = {isa = PBXFileReference; lastKnownFileType = file.storyboard; name = Base; path = Base.lproj/LaunchScreen.storyboard; sourceTree = "<group>"; };
		7A20B0E829E428520078D6EE /* Info.plist */ = {isa = PBXFileReference; lastKnownFileType = text.plist.xml; path = Info.plist; sourceTree = "<group>"; };
		7A20B0F529E42BF70078D6EE /* RMLocation.swift */ = {isa = PBXFileReference; lastKnownFileType = sourcecode.swift; path = RMLocation.swift; sourceTree = "<group>"; };
		7A20B0F729E42C050078D6EE /* RMCharacter.swift */ = {isa = PBXFileReference; lastKnownFileType = sourcecode.swift; path = RMCharacter.swift; sourceTree = "<group>"; };
		7A20B0F929E42C120078D6EE /* RMEpisode.swift */ = {isa = PBXFileReference; lastKnownFileType = sourcecode.swift; path = RMEpisode.swift; sourceTree = "<group>"; };
		7A20B0FC29E42C9B0078D6EE /* RMLocationViewController.swift */ = {isa = PBXFileReference; lastKnownFileType = sourcecode.swift; path = RMLocationViewController.swift; sourceTree = "<group>"; };
		7A20B0FE29E42CA80078D6EE /* RMCharacterViewController.swift */ = {isa = PBXFileReference; lastKnownFileType = sourcecode.swift; path = RMCharacterViewController.swift; sourceTree = "<group>"; };
		7A20B10029E42CBD0078D6EE /* RMEpisodeViewController.swift */ = {isa = PBXFileReference; lastKnownFileType = sourcecode.swift; path = RMEpisodeViewController.swift; sourceTree = "<group>"; };
		7A20B10229E42CD20078D6EE /* RMSettingsViewController.swift */ = {isa = PBXFileReference; lastKnownFileType = sourcecode.swift; path = RMSettingsViewController.swift; sourceTree = "<group>"; };
/* End PBXFileReference section */

/* Begin PBXFrameworksBuildPhase section */
		7A20B0D429E428510078D6EE /* Frameworks */ = {
			isa = PBXFrameworksBuildPhase;
			buildActionMask = 2147483647;
			files = (
			);
			runOnlyForDeploymentPostprocessing = 0;
		};
/* End PBXFrameworksBuildPhase section */

/* Begin PBXGroup section */
		7A20B0CE29E428510078D6EE = {
			isa = PBXGroup;
			children = (
				7A20B0D929E428510078D6EE /* RickAndMorty */,
				7A20B0D829E428510078D6EE /* Products */,
			);
			sourceTree = "<group>";
		};
		7A20B0D829E428510078D6EE /* Products */ = {
			isa = PBXGroup;
			children = (
				7A20B0D729E428510078D6EE /* RickAndMorty.app */,
			);
			name = Products;
			sourceTree = "<group>";
		};
		7A20B0D929E428510078D6EE /* RickAndMorty */ = {
			isa = PBXGroup;
			children = (
				7A20B0F429E42B8B0078D6EE /* APIClient */,
				7A20B0F329E42B780078D6EE /* Resources */,
				7A20B0F229E42B5E0078D6EE /* Managers */,
				7A20B0F129E42B580078D6EE /* Models */,
				7A20B0F029E42B4C0078D6EE /* ViewModels */,
				7A20B0EF29E42B410078D6EE /* Views */,
				7A20B0EE29E42B370078D6EE /* Controllers */,
				7A20B0E829E428520078D6EE /* Info.plist */,
			);
			path = RickAndMorty;
			sourceTree = "<group>";
		};
		7A20B0EE29E42B370078D6EE /* Controllers */ = {
			isa = PBXGroup;
			children = (
				7A20B0FB29E42C4C0078D6EE /* Core */,
			);
			path = Controllers;
			sourceTree = "<group>";
		};
		7A20B0EF29E42B410078D6EE /* Views */ = {
			isa = PBXGroup;
			children = (
			);
			path = Views;
			sourceTree = "<group>";
		};
		7A20B0F029E42B4C0078D6EE /* ViewModels */ = {
			isa = PBXGroup;
			children = (
			);
			path = ViewModels;
			sourceTree = "<group>";
		};
		7A20B0F129E42B580078D6EE /* Models */ = {
			isa = PBXGroup;
			children = (
				7A20B0F529E42BF70078D6EE /* RMLocation.swift */,
				7A20B0F729E42C050078D6EE /* RMCharacter.swift */,
				7A20B0F929E42C120078D6EE /* RMEpisode.swift */,
			);
			path = Models;
			sourceTree = "<group>";
		};
		7A20B0F229E42B5E0078D6EE /* Managers */ = {
			isa = PBXGroup;
			children = (
			);
			path = Managers;
			sourceTree = "<group>";
		};
		7A20B0F329E42B780078D6EE /* Resources */ = {
			isa = PBXGroup;
			children = (
				7A20B0E329E428520078D6EE /* Assets.xcassets */,
				7A20B0E529E428520078D6EE /* LaunchScreen.storyboard */,
				7A20B0DA29E428510078D6EE /* AppDelegate.swift */,
				7A20B0DC29E428510078D6EE /* SceneDelegate.swift */,
			);
			path = Resources;
			sourceTree = "<group>";
		};
		7A20B0F429E42B8B0078D6EE /* APIClient */ = {
			isa = PBXGroup;
			children = (
			);
			path = APIClient;
			sourceTree = "<group>";
		};
		7A20B0FB29E42C4C0078D6EE /* Core */ = {
			isa = PBXGroup;
			children = (
				7A20B0DE29E428510078D6EE /* RMTabBarController.swift */,
				7A20B0FC29E42C9B0078D6EE /* RMLocationViewController.swift */,
				7A20B0FE29E42CA80078D6EE /* RMCharacterViewController.swift */,
				7A20B10029E42CBD0078D6EE /* RMEpisodeViewController.swift */,
				7A20B10229E42CD20078D6EE /* RMSettingsViewController.swift */,
			);
			path = Core;
			sourceTree = "<group>";
		};
/* End PBXGroup section */

/* Begin PBXNativeTarget section */
		7A20B0D629E428510078D6EE /* RickAndMorty */ = {
			isa = PBXNativeTarget;
			buildConfigurationList = 7A20B0EB29E428520078D6EE /* Build configuration list for PBXNativeTarget "RickAndMorty" */;
			buildPhases = (
				7A20B0D329E428510078D6EE /* Sources */,
				7A20B0D429E428510078D6EE /* Frameworks */,
				7A20B0D529E428510078D6EE /* Resources */,
			);
			buildRules = (
			);
			dependencies = (
			);
			name = RickAndMorty;
			productName = RickAndMorty;
			productReference = 7A20B0D729E428510078D6EE /* RickAndMorty.app */;
			productType = "com.apple.product-type.application";
		};
/* End PBXNativeTarget section */

/* Begin PBXProject section */
		7A20B0CF29E428510078D6EE /* Project object */ = {
			isa = PBXProject;
			attributes = {
				BuildIndependentTargetsInParallel = 1;
				LastSwiftUpdateCheck = 1420;
				LastUpgradeCheck = 1420;
				TargetAttributes = {
					7A20B0D629E428510078D6EE = {
						CreatedOnToolsVersion = 14.2;
					};
				};
			};
			buildConfigurationList = 7A20B0D229E428510078D6EE /* Build configuration list for PBXProject "RickAndMorty" */;
			compatibilityVersion = "Xcode 14.0";
			developmentRegion = en;
			hasScannedForEncodings = 0;
			knownRegions = (
				en,
				Base,
			);
			mainGroup = 7A20B0CE29E428510078D6EE;
			productRefGroup = 7A20B0D829E428510078D6EE /* Products */;
			projectDirPath = "";
			projectRoot = "";
			targets = (
				7A20B0D629E428510078D6EE /* RickAndMorty */,
			);
		};
/* End PBXProject section */

/* Begin PBXResourcesBuildPhase section */
		7A20B0D529E428510078D6EE /* Resources */ = {
			isa = PBXResourcesBuildPhase;
			buildActionMask = 2147483647;
			files = (
				7A20B0E729E428520078D6EE /* LaunchScreen.storyboard in Resources */,
				7A20B0E429E428520078D6EE /* Assets.xcassets in Resources */,
			);
			runOnlyForDeploymentPostprocessing = 0;
		};
/* End PBXResourcesBuildPhase section */

/* Begin PBXSourcesBuildPhase section */
		7A20B0D329E428510078D6EE /* Sources */ = {
			isa = PBXSourcesBuildPhase;
			buildActionMask = 2147483647;
			files = (
				7A20B0DF29E428510078D6EE /* RMTabBarController.swift in Sources */,
				7A20B0DB29E428510078D6EE /* AppDelegate.swift in Sources */,
				7A20B0FD29E42C9B0078D6EE /* RMLocationViewController.swift in Sources */,
				7A20B10129E42CBD0078D6EE /* RMEpisodeViewController.swift in Sources */,
				7A20B0FA29E42C120078D6EE /* RMEpisode.swift in Sources */,
				7A20B0DD29E428510078D6EE /* SceneDelegate.swift in Sources */,
				7A20B10329E42CD20078D6EE /* RMSettingsViewController.swift in Sources */,
				7A20B0FF29E42CA80078D6EE /* RMCharacterViewController.swift in Sources */,
				7A20B0F629E42BF70078D6EE /* RMLocation.swift in Sources */,
				7A20B0F829E42C050078D6EE /* RMCharacter.swift in Sources */,
			);
			runOnlyForDeploymentPostprocessing = 0;
		};
/* End PBXSourcesBuildPhase section */

/* Begin PBXVariantGroup section */
		7A20B0E529E428520078D6EE /* LaunchScreen.storyboard */ = {
			isa = PBXVariantGroup;
			children = (
				7A20B0E629E428520078D6EE /* Base */,
			);
			name = LaunchScreen.storyboard;
			sourceTree = "<group>";
		};
/* End PBXVariantGroup section */

/* Begin XCBuildConfiguration section */
		7A20B0E929E428520078D6EE /* Debug */ = {
			isa = XCBuildConfiguration;
			buildSettings = {
				ALWAYS_SEARCH_USER_PATHS = NO;
				CLANG_ANALYZER_NONNULL = YES;
				CLANG_ANALYZER_NUMBER_OBJECT_CONVERSION = YES_AGGRESSIVE;
				CLANG_CXX_LANGUAGE_STANDARD = "gnu++20";
				CLANG_ENABLE_MODULES = YES;
				CLANG_ENABLE_OBJC_ARC = YES;
				CLANG_ENABLE_OBJC_WEAK = YES;
				CLANG_WARN_BLOCK_CAPTURE_AUTORELEASING = YES;
				CLANG_WARN_BOOL_CONVERSION = YES;
				CLANG_WARN_COMMA = YES;
				CLANG_WARN_CONSTANT_CONVERSION = YES;
				CLANG_WARN_DEPRECATED_OBJC_IMPLEMENTATIONS = YES;
				CLANG_WARN_DIRECT_OBJC_ISA_USAGE = YES_ERROR;
				CLANG_WARN_DOCUMENTATION_COMMENTS = YES;
				CLANG_WARN_EMPTY_BODY = YES;
				CLANG_WARN_ENUM_CONVERSION = YES;
				CLANG_WARN_INFINITE_RECURSION = YES;
				CLANG_WARN_INT_CONVERSION = YES;
				CLANG_WARN_NON_LITERAL_NULL_CONVERSION = YES;
				CLANG_WARN_OBJC_IMPLICIT_RETAIN_SELF = YES;
				CLANG_WARN_OBJC_LITERAL_CONVERSION = YES;
				CLANG_WARN_OBJC_ROOT_CLASS = YES_ERROR;
				CLANG_WARN_QUOTED_INCLUDE_IN_FRAMEWORK_HEADER = YES;
				CLANG_WARN_RANGE_LOOP_ANALYSIS = YES;
				CLANG_WARN_STRICT_PROTOTYPES = YES;
				CLANG_WARN_SUSPICIOUS_MOVE = YES;
				CLANG_WARN_UNGUARDED_AVAILABILITY = YES_AGGRESSIVE;
				CLANG_WARN_UNREACHABLE_CODE = YES;
				CLANG_WARN__DUPLICATE_METHOD_MATCH = YES;
				COPY_PHASE_STRIP = NO;
				DEBUG_INFORMATION_FORMAT = dwarf;
				ENABLE_STRICT_OBJC_MSGSEND = YES;
				ENABLE_TESTABILITY = YES;
				GCC_C_LANGUAGE_STANDARD = gnu11;
				GCC_DYNAMIC_NO_PIC = NO;
				GCC_NO_COMMON_BLOCKS = YES;
				GCC_OPTIMIZATION_LEVEL = 0;
				GCC_PREPROCESSOR_DEFINITIONS = (
					"DEBUG=1",
					"$(inherited)",
				);
				GCC_WARN_64_TO_32_BIT_CONVERSION = YES;
				GCC_WARN_ABOUT_RETURN_TYPE = YES_ERROR;
				GCC_WARN_UNDECLARED_SELECTOR = YES;
				GCC_WARN_UNINITIALIZED_AUTOS = YES_AGGRESSIVE;
				GCC_WARN_UNUSED_FUNCTION = YES;
				GCC_WARN_UNUSED_VARIABLE = YES;
				IPHONEOS_DEPLOYMENT_TARGET = 16.2;
				MTL_ENABLE_DEBUG_INFO = INCLUDE_SOURCE;
				MTL_FAST_MATH = YES;
				ONLY_ACTIVE_ARCH = YES;
				SDKROOT = iphoneos;
				SWIFT_ACTIVE_COMPILATION_CONDITIONS = DEBUG;
				SWIFT_OPTIMIZATION_LEVEL = "-Onone";
			};
			name = Debug;
		};
		7A20B0EA29E428520078D6EE /* Release */ = {
			isa = XCBuildConfiguration;
			buildSettings = {
				ALWAYS_SEARCH_USER_PATHS = NO;
				CLANG_ANALYZER_NONNULL = YES;
				CLANG_ANALYZER_NUMBER_OBJECT_CONVERSION = YES_AGGRESSIVE;
				CLANG_CXX_LANGUAGE_STANDARD = "gnu++20";
				CLANG_ENABLE_MODULES = YES;
				CLANG_ENABLE_OBJC_ARC = YES;
				CLANG_ENABLE_OBJC_WEAK = YES;
				CLANG_WARN_BLOCK_CAPTURE_AUTORELEASING = YES;
				CLANG_WARN_BOOL_CONVERSION = YES;
				CLANG_WARN_COMMA = YES;
				CLANG_WARN_CONSTANT_CONVERSION = YES;
				CLANG_WARN_DEPRECATED_OBJC_IMPLEMENTATIONS = YES;
				CLANG_WARN_DIRECT_OBJC_ISA_USAGE = YES_ERROR;
				CLANG_WARN_DOCUMENTATION_COMMENTS = YES;
				CLANG_WARN_EMPTY_BODY = YES;
				CLANG_WARN_ENUM_CONVERSION = YES;
				CLANG_WARN_INFINITE_RECURSION = YES;
				CLANG_WARN_INT_CONVERSION = YES;
				CLANG_WARN_NON_LITERAL_NULL_CONVERSION = YES;
				CLANG_WARN_OBJC_IMPLICIT_RETAIN_SELF = YES;
				CLANG_WARN_OBJC_LITERAL_CONVERSION = YES;
				CLANG_WARN_OBJC_ROOT_CLASS = YES_ERROR;
				CLANG_WARN_QUOTED_INCLUDE_IN_FRAMEWORK_HEADER = YES;
				CLANG_WARN_RANGE_LOOP_ANALYSIS = YES;
				CLANG_WARN_STRICT_PROTOTYPES = YES;
				CLANG_WARN_SUSPICIOUS_MOVE = YES;
				CLANG_WARN_UNGUARDED_AVAILABILITY = YES_AGGRESSIVE;
				CLANG_WARN_UNREACHABLE_CODE = YES;
				CLANG_WARN__DUPLICATE_METHOD_MATCH = YES;
				COPY_PHASE_STRIP = NO;
				DEBUG_INFORMATION_FORMAT = "dwarf-with-dsym";
				ENABLE_NS_ASSERTIONS = NO;
				ENABLE_STRICT_OBJC_MSGSEND = YES;
				GCC_C_LANGUAGE_STANDARD = gnu11;
				GCC_NO_COMMON_BLOCKS = YES;
				GCC_WARN_64_TO_32_BIT_CONVERSION = YES;
				GCC_WARN_ABOUT_RETURN_TYPE = YES_ERROR;
				GCC_WARN_UNDECLARED_SELECTOR = YES;
				GCC_WARN_UNINITIALIZED_AUTOS = YES_AGGRESSIVE;
				GCC_WARN_UNUSED_FUNCTION = YES;
				GCC_WARN_UNUSED_VARIABLE = YES;
				IPHONEOS_DEPLOYMENT_TARGET = 16.2;
				MTL_ENABLE_DEBUG_INFO = NO;
				MTL_FAST_MATH = YES;
				SDKROOT = iphoneos;
				SWIFT_COMPILATION_MODE = wholemodule;
				SWIFT_OPTIMIZATION_LEVEL = "-O";
				VALIDATE_PRODUCT = YES;
			};
			name = Release;
		};
		7A20B0EC29E428520078D6EE /* Debug */ = {
			isa = XCBuildConfiguration;
			buildSettings = {
				ASSETCATALOG_COMPILER_APPICON_NAME = AppIcon;
				ASSETCATALOG_COMPILER_GLOBAL_ACCENT_COLOR_NAME = AccentColor;
				CODE_SIGN_STYLE = Automatic;
				CURRENT_PROJECT_VERSION = 1;
				DEVELOPMENT_TEAM = CKDK343P5U;
				GENERATE_INFOPLIST_FILE = YES;
				INFOPLIST_FILE = RickAndMorty/Info.plist;
				INFOPLIST_KEY_UIApplicationSupportsIndirectInputEvents = YES;
				INFOPLIST_KEY_UILaunchStoryboardName = LaunchScreen;
				INFOPLIST_KEY_UISupportedInterfaceOrientations_iPad = "UIInterfaceOrientationPortrait UIInterfaceOrientationPortraitUpsideDown UIInterfaceOrientationLandscapeLeft UIInterfaceOrientationLandscapeRight";
				INFOPLIST_KEY_UISupportedInterfaceOrientations_iPhone = "UIInterfaceOrientationPortrait UIInterfaceOrientationLandscapeLeft UIInterfaceOrientationLandscapeRight";
				LD_RUNPATH_SEARCH_PATHS = (
					"$(inherited)",
					"@executable_path/Frameworks",
				);
				MARKETING_VERSION = 1.0;
				PRODUCT_BUNDLE_IDENTIFIER = cz.noscope.RickAndMorty;
				PRODUCT_NAME = "$(TARGET_NAME)";
				SWIFT_EMIT_LOC_STRINGS = YES;
				SWIFT_VERSION = 5.0;
				TARGETED_DEVICE_FAMILY = "1,2";
			};
			name = Debug;
		};
		7A20B0ED29E428520078D6EE /* Release */ = {
			isa = XCBuildConfiguration;
			buildSettings = {
				ASSETCATALOG_COMPILER_APPICON_NAME = AppIcon;
				ASSETCATALOG_COMPILER_GLOBAL_ACCENT_COLOR_NAME = AccentColor;
				CODE_SIGN_STYLE = Automatic;
				CURRENT_PROJECT_VERSION = 1;
				DEVELOPMENT_TEAM = CKDK343P5U;
				GENERATE_INFOPLIST_FILE = YES;
				INFOPLIST_FILE = RickAndMorty/Info.plist;
				INFOPLIST_KEY_UIApplicationSupportsIndirectInputEvents = YES;
				INFOPLIST_KEY_UILaunchStoryboardName = LaunchScreen;
				INFOPLIST_KEY_UISupportedInterfaceOrientations_iPad = "UIInterfaceOrientationPortrait UIInterfaceOrientationPortraitUpsideDown UIInterfaceOrientationLandscapeLeft UIInterfaceOrientationLandscapeRight";
				INFOPLIST_KEY_UISupportedInterfaceOrientations_iPhone = "UIInterfaceOrientationPortrait UIInterfaceOrientationLandscapeLeft UIInterfaceOrientationLandscapeRight";
				LD_RUNPATH_SEARCH_PATHS = (
					"$(inherited)",
					"@executable_path/Frameworks",
				);
				MARKETING_VERSION = 1.0;
				PRODUCT_BUNDLE_IDENTIFIER = cz.noscope.RickAndMorty;
				PRODUCT_NAME = "$(TARGET_NAME)";
				SWIFT_EMIT_LOC_STRINGS = YES;
				SWIFT_VERSION = 5.0;
				TARGETED_DEVICE_FAMILY = "1,2";
			};
			name = Release;
		};
/* End XCBuildConfiguration section */

/* Begin XCConfigurationList section */
		7A20B0D229E428510078D6EE /* Build configuration list for PBXProject "RickAndMorty" */ = {
			isa = XCConfigurationList;
			buildConfigurations = (
				7A20B0E929E428520078D6EE /* Debug */,
				7A20B0EA29E428520078D6EE /* Release */,
			);
			defaultConfigurationIsVisible = 0;
			defaultConfigurationName = Release;
		};
		7A20B0EB29E428520078D6EE /* Build configuration list for PBXNativeTarget "RickAndMorty" */ = {
			isa = XCConfigurationList;
			buildConfigurations = (
				7A20B0EC29E428520078D6EE /* Debug */,
				7A20B0ED29E428520078D6EE /* Release */,
			);
			defaultConfigurationIsVisible = 0;
			defaultConfigurationName = Release;
		};
/* End XCConfigurationList section */
	};
	rootObject = 7A20B0CF29E428510078D6EE /* Project object */;
}
